
Microsoft Visual Studio Solution File, Format Version 12.00
# Visual Studio Version 16
VisualStudioVersion = 16.0.31424.327
MinimumVisualStudioVersion = 10.0.40219.1
Project("{FAE04EC0-301F-11D3-BF4B-00C04F79EFBC}") = "Langlay.App", "Langlay.App\Langlay.App.csproj", "{764B8166-CDCE-4C65-BFDD-DDBBD4789870}"
EndProject
Project("{FAE04EC0-301F-11D3-BF4B-00C04F79EFBC}") = "Langlay.Common", "Langlay.Common\Langlay.Common.csproj", "{D0BFF2F2-F0A4-48E4-8F29-8FCB93175970}"
EndProject
Project("{930C7802-8A8C-48F9-8165-68863BCCD9DD}") = "Langlay.Wix3", "Langlay.Wix3\Langlay.Wix3.wixproj", "{7196D8E8-B62A-4844-A100-E5607126D861}"
EndProject
Global
	GlobalSection(SolutionConfigurationPlatforms) = preSolution
		Debug|Any CPU = Debug|Any CPU
		Debug|x86 = Debug|x86
		Release|Any CPU = Release|Any CPU
		Release|x86 = Release|x86
	EndGlobalSection
	GlobalSection(ProjectConfigurationPlatforms) = postSolution
		{764B8166-CDCE-4C65-BFDD-DDBBD4789870}.Debug|Any CPU.ActiveCfg = Debug|Any CPU
		{764B8166-CDCE-4C65-BFDD-DDBBD4789870}.Debug|Any CPU.Build.0 = Debug|Any CPU
		{764B8166-CDCE-4C65-BFDD-DDBBD4789870}.Debug|x86.ActiveCfg = Debug|Any CPU
		{764B8166-CDCE-4C65-BFDD-DDBBD4789870}.Debug|x86.Build.0 = Debug|Any CPU
		{764B8166-CDCE-4C65-BFDD-DDBBD4789870}.Release|Any CPU.ActiveCfg = Release|Any CPU
		{764B8166-CDCE-4C65-BFDD-DDBBD4789870}.Release|Any CPU.Build.0 = Release|Any CPU
		{764B8166-CDCE-4C65-BFDD-DDBBD4789870}.Release|x86.ActiveCfg = Release|Any CPU
		{764B8166-CDCE-4C65-BFDD-DDBBD4789870}.Release|x86.Build.0 = Release|Any CPU
		{D0BFF2F2-F0A4-48E4-8F29-8FCB93175970}.Debug|Any CPU.ActiveCfg = Debug|Any CPU
		{D0BFF2F2-F0A4-48E4-8F29-8FCB93175970}.Debug|Any CPU.Build.0 = Debug|Any CPU
		{D0BFF2F2-F0A4-48E4-8F29-8FCB93175970}.Debug|x86.ActiveCfg = Debug|Any CPU
		{D0BFF2F2-F0A4-48E4-8F29-8FCB93175970}.Debug|x86.Build.0 = Debug|Any CPU
		{D0BFF2F2-F0A4-48E4-8F29-8FCB93175970}.Release|Any CPU.ActiveCfg = Release|Any CPU
		{D0BFF2F2-F0A4-48E4-8F29-8FCB93175970}.Release|Any CPU.Build.0 = Release|Any CPU
		{D0BFF2F2-F0A4-48E4-8F29-8FCB93175970}.Release|x86.ActiveCfg = Release|Any CPU
		{D0BFF2F2-F0A4-48E4-8F29-8FCB93175970}.Release|x86.Build.0 = Release|Any CPU
		{7196D8E8-B62A-4844-A100-E5607126D861}.Debug|Any CPU.ActiveCfg = Debug|x86
		{7196D8E8-B62A-4844-A100-E5607126D861}.Debug|x86.ActiveCfg = Debug|x86
		{7196D8E8-B62A-4844-A100-E5607126D861}.Debug|x86.Build.0 = Debug|x86
		{7196D8E8-B62A-4844-A100-E5607126D861}.Release|Any CPU.ActiveCfg = Release|x86
		{7196D8E8-B62A-4844-A100-E5607126D861}.Release|x86.ActiveCfg = Release|x86
		{7196D8E8-B62A-4844-A100-E5607126D861}.Release|x86.Build.0 = Release|x86
	EndGlobalSection
	GlobalSection(SolutionProperties) = preSolution
		HideSolutionNode = FALSE
	EndGlobalSection
	GlobalSection(ExtensibilityGlobals) = postSolution
		SolutionGuid = {FA1BAE7D-E75F-4F83-9FBD-A5FC66247474}
	EndGlobalSection
EndGlobal
